
Microsoft Visual Studio Solution File, Format Version 12.00
# Visual Studio 15
VisualStudioVersion = 15.0.26430.13
MinimumVisualStudioVersion = 10.0.40219.1
Project("{FAE04EC0-301F-11D3-BF4B-00C04F79EFBC}") = "PatrolSim", "PatrolSim\PatrolSim.csproj", "{6F9042F7-6F78-4799-8C53-FCE2499C9D3A}"
EndProject
Project("{8BC9CEB8-8B4A-11D0-8D11-00A0C91BC942}") = "libAIVDM", "libAIVDM\libAIVDM.vcxproj", "{256007B6-7E7C-4E40-BB0F-A1DFE01F375F}"
EndProject
Project("{FAE04EC0-301F-11D3-BF4B-00C04F79EFBC}") = "AISWrapper", "AISWrapper\AISWrapper.csproj", "{0966A5C3-0A2D-4654-BE3B-34D4F12B2AC0}"
EndProject
Project("{FAE04EC0-301F-11D3-BF4B-00C04F79EFBC}") = "ScenarioEditor", "ScenarioEditor\ScenarioEditor.csproj", "{00A2F386-9B92-46A5-8449-88864919D9C8}"
EndProject
Project("{9A19103F-16F7-4668-BE54-9A1E7A4F7556}") = "AIVDMTest", "AIVDMTest\AIVDMTest.csproj", "{E0552D2D-2BA3-45C4-8D2A-EF94C1C14D76}"
EndProject
Global
	GlobalSection(SolutionConfigurationPlatforms) = preSolution
		Debug|Any CPU = Debug|Any CPU
		Debug|x64 = Debug|x64
		Debug|x86 = Debug|x86
		Release|Any CPU = Release|Any CPU
		Release|x64 = Release|x64
		Release|x86 = Release|x86
	EndGlobalSection
	GlobalSection(ProjectConfigurationPlatforms) = postSolution
		{6F9042F7-6F78-4799-8C53-FCE2499C9D3A}.Debug|Any CPU.ActiveCfg = Debug|Any CPU
		{6F9042F7-6F78-4799-8C53-FCE2499C9D3A}.Debug|Any CPU.Build.0 = Debug|Any CPU
		{6F9042F7-6F78-4799-8C53-FCE2499C9D3A}.Debug|x64.ActiveCfg = Debug|Any CPU
		{6F9042F7-6F78-4799-8C53-FCE2499C9D3A}.Debug|x64.Build.0 = Debug|Any CPU
		{6F9042F7-6F78-4799-8C53-FCE2499C9D3A}.Debug|x86.ActiveCfg = Debug|Any CPU
		{6F9042F7-6F78-4799-8C53-FCE2499C9D3A}.Debug|x86.Build.0 = Debug|Any CPU
		{6F9042F7-6F78-4799-8C53-FCE2499C9D3A}.Release|Any CPU.ActiveCfg = Release|Any CPU
		{6F9042F7-6F78-4799-8C53-FCE2499C9D3A}.Release|Any CPU.Build.0 = Release|Any CPU
		{6F9042F7-6F78-4799-8C53-FCE2499C9D3A}.Release|x64.ActiveCfg = Release|Any CPU
		{6F9042F7-6F78-4799-8C53-FCE2499C9D3A}.Release|x64.Build.0 = Release|Any CPU
		{6F9042F7-6F78-4799-8C53-FCE2499C9D3A}.Release|x86.ActiveCfg = Release|Any CPU
		{6F9042F7-6F78-4799-8C53-FCE2499C9D3A}.Release|x86.Build.0 = Release|Any CPU
		{256007B6-7E7C-4E40-BB0F-A1DFE01F375F}.Debug|Any CPU.ActiveCfg = Debug|Win32
		{256007B6-7E7C-4E40-BB0F-A1DFE01F375F}.Debug|x64.ActiveCfg = Debug|x64
		{256007B6-7E7C-4E40-BB0F-A1DFE01F375F}.Debug|x64.Build.0 = Debug|x64
		{256007B6-7E7C-4E40-BB0F-A1DFE01F375F}.Debug|x86.ActiveCfg = Debug|Win32
		{256007B6-7E7C-4E40-BB0F-A1DFE01F375F}.Debug|x86.Build.0 = Debug|Win32
		{256007B6-7E7C-4E40-BB0F-A1DFE01F375F}.Release|Any CPU.ActiveCfg = Release|Win32
		{256007B6-7E7C-4E40-BB0F-A1DFE01F375F}.Release|x64.ActiveCfg = Release|x64
		{256007B6-7E7C-4E40-BB0F-A1DFE01F375F}.Release|x64.Build.0 = Release|x64
		{256007B6-7E7C-4E40-BB0F-A1DFE01F375F}.Release|x86.ActiveCfg = Release|Win32
		{256007B6-7E7C-4E40-BB0F-A1DFE01F375F}.Release|x86.Build.0 = Release|Win32
		{0966A5C3-0A2D-4654-BE3B-34D4F12B2AC0}.Debug|Any CPU.ActiveCfg = Debug|Any CPU
		{0966A5C3-0A2D-4654-BE3B-34D4F12B2AC0}.Debug|Any CPU.Build.0 = Debug|Any CPU
		{0966A5C3-0A2D-4654-BE3B-34D4F12B2AC0}.Debug|x64.ActiveCfg = Debug|x64
		{0966A5C3-0A2D-4654-BE3B-34D4F12B2AC0}.Debug|x64.Build.0 = Debug|x64
		{0966A5C3-0A2D-4654-BE3B-34D4F12B2AC0}.Debug|x86.ActiveCfg = Debug|Any CPU
		{0966A5C3-0A2D-4654-BE3B-34D4F12B2AC0}.Debug|x86.Build.0 = Debug|Any CPU
		{0966A5C3-0A2D-4654-BE3B-34D4F12B2AC0}.Release|Any CPU.ActiveCfg = Release|Any CPU
		{0966A5C3-0A2D-4654-BE3B-34D4F12B2AC0}.Release|Any CPU.Build.0 = Release|Any CPU
		{0966A5C3-0A2D-4654-BE3B-34D4F12B2AC0}.Release|x64.ActiveCfg = Release|x64
		{0966A5C3-0A2D-4654-BE3B-34D4F12B2AC0}.Release|x64.Build.0 = Release|x64
		{0966A5C3-0A2D-4654-BE3B-34D4F12B2AC0}.Release|x86.ActiveCfg = Release|Any CPU
		{0966A5C3-0A2D-4654-BE3B-34D4F12B2AC0}.Release|x86.Build.0 = Release|Any CPU
		{00A2F386-9B92-46A5-8449-88864919D9C8}.Debug|Any CPU.ActiveCfg = Debug|Any CPU
		{00A2F386-9B92-46A5-8449-88864919D9C8}.Debug|Any CPU.Build.0 = Debug|Any CPU
		{00A2F386-9B92-46A5-8449-88864919D9C8}.Debug|x64.ActiveCfg = Debug|Any CPU
		{00A2F386-9B92-46A5-8449-88864919D9C8}.Debug|x64.Build.0 = Debug|Any CPU
		{00A2F386-9B92-46A5-8449-88864919D9C8}.Debug|x86.ActiveCfg = Debug|Any CPU
		{00A2F386-9B92-46A5-8449-88864919D9C8}.Debug|x86.Build.0 = Debug|Any CPU
		{00A2F386-9B92-46A5-8449-88864919D9C8}.Release|Any CPU.ActiveCfg = Release|Any CPU
		{00A2F386-9B92-46A5-8449-88864919D9C8}.Release|Any CPU.Build.0 = Release|Any CPU
		{00A2F386-9B92-46A5-8449-88864919D9C8}.Release|x64.ActiveCfg = Release|Any CPU
		{00A2F386-9B92-46A5-8449-88864919D9C8}.Release|x64.Build.0 = Release|Any CPU
		{00A2F386-9B92-46A5-8449-88864919D9C8}.Release|x86.ActiveCfg = Release|Any CPU
		{00A2F386-9B92-46A5-8449-88864919D9C8}.Release|x86.Build.0 = Release|Any CPU
		{E0552D2D-2BA3-45C4-8D2A-EF94C1C14D76}.Debug|Any CPU.ActiveCfg = Debug|Any CPU
		{E0552D2D-2BA3-45C4-8D2A-EF94C1C14D76}.Debug|Any CPU.Build.0 = Debug|Any CPU
		{E0552D2D-2BA3-45C4-8D2A-EF94C1C14D76}.Debug|x64.ActiveCfg = Debug|Any CPU
		{E0552D2D-2BA3-45C4-8D2A-EF94C1C14D76}.Debug|x64.Build.0 = Debug|Any CPU
		{E0552D2D-2BA3-45C4-8D2A-EF94C1C14D76}.Debug|x86.ActiveCfg = Debug|Any CPU
		{E0552D2D-2BA3-45C4-8D2A-EF94C1C14D76}.Debug|x86.Build.0 = Debug|Any CPU
		{E0552D2D-2BA3-45C4-8D2A-EF94C1C14D76}.Release|Any CPU.ActiveCfg = Release|Any CPU
		{E0552D2D-2BA3-45C4-8D2A-EF94C1C14D76}.Release|Any CPU.Build.0 = Release|Any CPU
		{E0552D2D-2BA3-45C4-8D2A-EF94C1C14D76}.Release|x64.ActiveCfg = Release|Any CPU
		{E0552D2D-2BA3-45C4-8D2A-EF94C1C14D76}.Release|x64.Build.0 = Release|Any CPU
		{E0552D2D-2BA3-45C4-8D2A-EF94C1C14D76}.Release|x86.ActiveCfg = Release|Any CPU
		{E0552D2D-2BA3-45C4-8D2A-EF94C1C14D76}.Release|x86.Build.0 = Release|Any CPU
	EndGlobalSection
	GlobalSection(SolutionProperties) = preSolution
		HideSolutionNode = FALSE
	EndGlobalSection
EndGlobal
