
Microsoft Visual Studio Solution File, Format Version 12.00
# Visual Studio 15
VisualStudioVersion = 15.0.26430.14
MinimumVisualStudioVersion = 10.0.40219.1
Project("{FAE04EC0-301F-11D3-BF4B-00C04F79EFBC}") = "PatrolSim", "PatrolSim\PatrolSim.csproj", "{6F9042F7-6F78-4799-8C53-FCE2499C9D3A}"
EndProject
Project("{8BC9CEB8-8B4A-11D0-8D11-00A0C91BC942}") = "libAIVDM", "libAIVDM\libAIVDM.vcxproj", "{256007B6-7E7C-4E40-BB0F-A1DFE01F375F}"
EndProject
Project("{FAE04EC0-301F-11D3-BF4B-00C04F79EFBC}") = "AISWrapper", "AISWrapper\AISWrapper.csproj", "{0966A5C3-0A2D-4654-BE3B-34D4F12B2AC0}"
EndProject
Project("{FAE04EC0-301F-11D3-BF4B-00C04F79EFBC}") = "ScenarioEditor", "ScenarioEditor\ScenarioEditor.csproj", "{00A2F386-9B92-46A5-8449-88864919D9C8}"
EndProject
Project("{8BC9CEB8-8B4A-11D0-8D11-00A0C91BC942}") = "ShipRouteClassfier", "ShipRouteClassfier\ShipRouteClassfier\ShipRouteClassfier.vcxproj", "{6DD13C0D-1F72-408D-9A73-DF7F4766C1F2}"
EndProject
Project("{FAE04EC0-301F-11D3-BF4B-00C04F79EFBC}") = "ShipClassifierWrapper", "ShipClassifierWrapper\ShipClassifierWrapper.csproj", "{29247C85-BD48-43D0-8660-FAA13AD9AD2B}"
EndProject
Project("{8BC9CEB8-8B4A-11D0-8D11-00A0C91BC942}") = "libShipClassifier", "libShipClassifier\libShipClassifier.vcxproj", "{5AB64EA0-A0B3-475C-9684-27A70E666DC9}"
EndProject
Project("{54435603-DBB4-11D2-8724-00A0C9A8B90C}") = "Deploy", "Deploy\Deploy.vdproj", "{A46B7177-4C14-45F5-AEB7-EDBBA8B25B24}"
EndProject
Global
	GlobalSection(SolutionConfigurationPlatforms) = preSolution
		Debug|Any CPU = Debug|Any CPU
		Debug|x64 = Debug|x64
		Debug|x86 = Debug|x86
		Release|Any CPU = Release|Any CPU
		Release|x64 = Release|x64
		Release|x86 = Release|x86
	EndGlobalSection
	GlobalSection(ProjectConfigurationPlatforms) = postSolution
		{6F9042F7-6F78-4799-8C53-FCE2499C9D3A}.Debug|Any CPU.ActiveCfg = Debug|Any CPU
		{6F9042F7-6F78-4799-8C53-FCE2499C9D3A}.Debug|Any CPU.Build.0 = Debug|Any CPU
		{6F9042F7-6F78-4799-8C53-FCE2499C9D3A}.Debug|x64.ActiveCfg = Debug|Any CPU
		{6F9042F7-6F78-4799-8C53-FCE2499C9D3A}.Debug|x64.Build.0 = Debug|Any CPU
		{6F9042F7-6F78-4799-8C53-FCE2499C9D3A}.Debug|x86.ActiveCfg = Debug|Any CPU
		{6F9042F7-6F78-4799-8C53-FCE2499C9D3A}.Debug|x86.Build.0 = Debug|Any CPU
		{6F9042F7-6F78-4799-8C53-FCE2499C9D3A}.Release|Any CPU.ActiveCfg = Release|Any CPU
		{6F9042F7-6F78-4799-8C53-FCE2499C9D3A}.Release|Any CPU.Build.0 = Release|Any CPU
		{6F9042F7-6F78-4799-8C53-FCE2499C9D3A}.Release|x64.ActiveCfg = Release|Any CPU
		{6F9042F7-6F78-4799-8C53-FCE2499C9D3A}.Release|x64.Build.0 = Release|Any CPU
		{6F9042F7-6F78-4799-8C53-FCE2499C9D3A}.Release|x86.ActiveCfg = Release|Any CPU
		{6F9042F7-6F78-4799-8C53-FCE2499C9D3A}.Release|x86.Build.0 = Release|Any CPU
		{256007B6-7E7C-4E40-BB0F-A1DFE01F375F}.Debug|Any CPU.ActiveCfg = Debug|Win32
		{256007B6-7E7C-4E40-BB0F-A1DFE01F375F}.Debug|x64.ActiveCfg = Debug|x64
		{256007B6-7E7C-4E40-BB0F-A1DFE01F375F}.Debug|x64.Build.0 = Debug|x64
		{256007B6-7E7C-4E40-BB0F-A1DFE01F375F}.Debug|x86.ActiveCfg = Debug|Win32
		{256007B6-7E7C-4E40-BB0F-A1DFE01F375F}.Debug|x86.Build.0 = Debug|Win32
		{256007B6-7E7C-4E40-BB0F-A1DFE01F375F}.Release|Any CPU.ActiveCfg = Release|Win32
		{256007B6-7E7C-4E40-BB0F-A1DFE01F375F}.Release|x64.ActiveCfg = Release|x64
		{256007B6-7E7C-4E40-BB0F-A1DFE01F375F}.Release|x64.Build.0 = Release|x64
		{256007B6-7E7C-4E40-BB0F-A1DFE01F375F}.Release|x86.ActiveCfg = Release|Win32
		{256007B6-7E7C-4E40-BB0F-A1DFE01F375F}.Release|x86.Build.0 = Release|Win32
		{0966A5C3-0A2D-4654-BE3B-34D4F12B2AC0}.Debug|Any CPU.ActiveCfg = Debug|Any CPU
		{0966A5C3-0A2D-4654-BE3B-34D4F12B2AC0}.Debug|Any CPU.Build.0 = Debug|Any CPU
		{0966A5C3-0A2D-4654-BE3B-34D4F12B2AC0}.Debug|x64.ActiveCfg = Debug|x64
		{0966A5C3-0A2D-4654-BE3B-34D4F12B2AC0}.Debug|x64.Build.0 = Debug|x64
		{0966A5C3-0A2D-4654-BE3B-34D4F12B2AC0}.Debug|x86.ActiveCfg = Debug|Any CPU
		{0966A5C3-0A2D-4654-BE3B-34D4F12B2AC0}.Debug|x86.Build.0 = Debug|Any CPU
		{0966A5C3-0A2D-4654-BE3B-34D4F12B2AC0}.Release|Any CPU.ActiveCfg = Release|Any CPU
		{0966A5C3-0A2D-4654-BE3B-34D4F12B2AC0}.Release|Any CPU.Build.0 = Release|Any CPU
		{0966A5C3-0A2D-4654-BE3B-34D4F12B2AC0}.Release|x64.ActiveCfg = Release|x64
		{0966A5C3-0A2D-4654-BE3B-34D4F12B2AC0}.Release|x64.Build.0 = Release|x64
		{0966A5C3-0A2D-4654-BE3B-34D4F12B2AC0}.Release|x86.ActiveCfg = Release|Any CPU
		{0966A5C3-0A2D-4654-BE3B-34D4F12B2AC0}.Release|x86.Build.0 = Release|Any CPU
		{00A2F386-9B92-46A5-8449-88864919D9C8}.Debug|Any CPU.ActiveCfg = Debug|Any CPU
		{00A2F386-9B92-46A5-8449-88864919D9C8}.Debug|Any CPU.Build.0 = Debug|Any CPU
		{00A2F386-9B92-46A5-8449-88864919D9C8}.Debug|x64.ActiveCfg = Debug|Any CPU
		{00A2F386-9B92-46A5-8449-88864919D9C8}.Debug|x64.Build.0 = Debug|Any CPU
		{00A2F386-9B92-46A5-8449-88864919D9C8}.Debug|x86.ActiveCfg = Debug|Any CPU
		{00A2F386-9B92-46A5-8449-88864919D9C8}.Debug|x86.Build.0 = Debug|Any CPU
		{00A2F386-9B92-46A5-8449-88864919D9C8}.Release|Any CPU.ActiveCfg = Release|Any CPU
		{00A2F386-9B92-46A5-8449-88864919D9C8}.Release|Any CPU.Build.0 = Release|Any CPU
		{00A2F386-9B92-46A5-8449-88864919D9C8}.Release|x64.ActiveCfg = Release|Any CPU
		{00A2F386-9B92-46A5-8449-88864919D9C8}.Release|x64.Build.0 = Release|Any CPU
		{00A2F386-9B92-46A5-8449-88864919D9C8}.Release|x86.ActiveCfg = Release|Any CPU
		{00A2F386-9B92-46A5-8449-88864919D9C8}.Release|x86.Build.0 = Release|Any CPU
		{6DD13C0D-1F72-408D-9A73-DF7F4766C1F2}.Debug|Any CPU.ActiveCfg = Debug|Win32
		{6DD13C0D-1F72-408D-9A73-DF7F4766C1F2}.Debug|x64.ActiveCfg = Debug|Win32
		{6DD13C0D-1F72-408D-9A73-DF7F4766C1F2}.Debug|x86.ActiveCfg = Debug|Win32
		{6DD13C0D-1F72-408D-9A73-DF7F4766C1F2}.Debug|x86.Build.0 = Debug|Win32
		{6DD13C0D-1F72-408D-9A73-DF7F4766C1F2}.Release|Any CPU.ActiveCfg = Release|Win32
		{6DD13C0D-1F72-408D-9A73-DF7F4766C1F2}.Release|x64.ActiveCfg = Release|Win32
		{6DD13C0D-1F72-408D-9A73-DF7F4766C1F2}.Release|x86.ActiveCfg = Release|Win32
		{6DD13C0D-1F72-408D-9A73-DF7F4766C1F2}.Release|x86.Build.0 = Release|Win32
		{29247C85-BD48-43D0-8660-FAA13AD9AD2B}.Debug|Any CPU.ActiveCfg = Debug|Any CPU
		{29247C85-BD48-43D0-8660-FAA13AD9AD2B}.Debug|Any CPU.Build.0 = Debug|Any CPU
		{29247C85-BD48-43D0-8660-FAA13AD9AD2B}.Debug|x64.ActiveCfg = Debug|Any CPU
		{29247C85-BD48-43D0-8660-FAA13AD9AD2B}.Debug|x64.Build.0 = Debug|Any CPU
		{29247C85-BD48-43D0-8660-FAA13AD9AD2B}.Debug|x86.ActiveCfg = Debug|Any CPU
		{29247C85-BD48-43D0-8660-FAA13AD9AD2B}.Debug|x86.Build.0 = Debug|Any CPU
		{29247C85-BD48-43D0-8660-FAA13AD9AD2B}.Release|Any CPU.ActiveCfg = Release|Any CPU
		{29247C85-BD48-43D0-8660-FAA13AD9AD2B}.Release|Any CPU.Build.0 = Release|Any CPU
		{29247C85-BD48-43D0-8660-FAA13AD9AD2B}.Release|x64.ActiveCfg = Release|Any CPU
		{29247C85-BD48-43D0-8660-FAA13AD9AD2B}.Release|x64.Build.0 = Release|Any CPU
		{29247C85-BD48-43D0-8660-FAA13AD9AD2B}.Release|x86.ActiveCfg = Release|Any CPU
		{29247C85-BD48-43D0-8660-FAA13AD9AD2B}.Release|x86.Build.0 = Release|Any CPU
		{5AB64EA0-A0B3-475C-9684-27A70E666DC9}.Debug|Any CPU.ActiveCfg = Debug|Win32
		{5AB64EA0-A0B3-475C-9684-27A70E666DC9}.Debug|x64.ActiveCfg = Debug|x64
		{5AB64EA0-A0B3-475C-9684-27A70E666DC9}.Debug|x64.Build.0 = Debug|x64
		{5AB64EA0-A0B3-475C-9684-27A70E666DC9}.Debug|x86.ActiveCfg = Debug|Win32
		{5AB64EA0-A0B3-475C-9684-27A70E666DC9}.Debug|x86.Build.0 = Debug|Win32
		{5AB64EA0-A0B3-475C-9684-27A70E666DC9}.Release|Any CPU.ActiveCfg = Release|Win32
		{5AB64EA0-A0B3-475C-9684-27A70E666DC9}.Release|x64.ActiveCfg = Release|x64
		{5AB64EA0-A0B3-475C-9684-27A70E666DC9}.Release|x64.Build.0 = Release|x64
		{5AB64EA0-A0B3-475C-9684-27A70E666DC9}.Release|x86.ActiveCfg = Release|Win32
		{5AB64EA0-A0B3-475C-9684-27A70E666DC9}.Release|x86.Build.0 = Release|Win32
		{A46B7177-4C14-45F5-AEB7-EDBBA8B25B24}.Debug|Any CPU.ActiveCfg = Debug
		{A46B7177-4C14-45F5-AEB7-EDBBA8B25B24}.Debug|x64.ActiveCfg = Debug
		{A46B7177-4C14-45F5-AEB7-EDBBA8B25B24}.Debug|x86.ActiveCfg = Debug
		{A46B7177-4C14-45F5-AEB7-EDBBA8B25B24}.Release|Any CPU.ActiveCfg = Release
		{A46B7177-4C14-45F5-AEB7-EDBBA8B25B24}.Release|x64.ActiveCfg = Release
		{A46B7177-4C14-45F5-AEB7-EDBBA8B25B24}.Release|x86.ActiveCfg = Release
	EndGlobalSection
	GlobalSection(SolutionProperties) = preSolution
		HideSolutionNode = FALSE
	EndGlobalSection
EndGlobal
